
Microsoft Visual Studio Solution File, Format Version 12.00
# Visual Studio 15
VisualStudioVersion = 15.0.27703.2000
MinimumVisualStudioVersion = 10.0.40219.1
Project("{FAE04EC0-301F-11D3-BF4B-00C04F79EFBC}") = "Example_AstraEngine_1", "Example_AstraEngine_1\Example_AstraEngine_1.csproj", "{3A4C39FD-3B3D-481F-86EC-0632B35F0F31}"
EndProject
Project("{FAE04EC0-301F-11D3-BF4B-00C04F79EFBC}") = "Example_AstraEngine_2", "Example_AstraEngine_2\Example_AstraEngine_2.csproj", "{C64F5716-4AE6-4BE8-ACA0-95FA9827C73F}"
EndProject
Global
	GlobalSection(SolutionConfigurationPlatforms) = preSolution
		Debug|Any CPU = Debug|Any CPU
		Release|Any CPU = Release|Any CPU
	EndGlobalSection
	GlobalSection(ProjectConfigurationPlatforms) = postSolution
		{3A4C39FD-3B3D-481F-86EC-0632B35F0F31}.Debug|Any CPU.ActiveCfg = Debug|Any CPU
		{3A4C39FD-3B3D-481F-86EC-0632B35F0F31}.Debug|Any CPU.Build.0 = Debug|Any CPU
		{3A4C39FD-3B3D-481F-86EC-0632B35F0F31}.Release|Any CPU.ActiveCfg = Release|Any CPU
		{3A4C39FD-3B3D-481F-86EC-0632B35F0F31}.Release|Any CPU.Build.0 = Release|Any CPU
		{C64F5716-4AE6-4BE8-ACA0-95FA9827C73F}.Debug|Any CPU.ActiveCfg = Debug|Any CPU
		{C64F5716-4AE6-4BE8-ACA0-95FA9827C73F}.Debug|Any CPU.Build.0 = Debug|Any CPU
		{C64F5716-4AE6-4BE8-ACA0-95FA9827C73F}.Release|Any CPU.ActiveCfg = Release|Any CPU
		{C64F5716-4AE6-4BE8-ACA0-95FA9827C73F}.Release|Any CPU.Build.0 = Release|Any CPU
	EndGlobalSection
	GlobalSection(SolutionProperties) = preSolution
		HideSolutionNode = FALSE
	EndGlobalSection
	GlobalSection(ExtensibilityGlobals) = postSolution
		SolutionGuid = {A068D31B-41E5-4FDB-A9F7-C2A2F4003367}
	EndGlobalSection
EndGlobal
